
Microsoft Visual Studio Solution File, Format Version 12.00
# Visual Studio Version 16
VisualStudioVersion = 16.0.31105.61
MinimumVisualStudioVersion = 10.0.40219.1
Project("{FAE04EC0-301F-11D3-BF4B-00C04F79EFBC}") = "OilGas.Android", "OilGas\OilGas.Android\OilGas.Android.csproj", "{EBD136BE-9289-42A5-B4DB-BFD330E02C96}"
EndProject
Project("{FAE04EC0-301F-11D3-BF4B-00C04F79EFBC}") = "OilGas.iOS", "OilGas\OilGas.iOS\OilGas.iOS.csproj", "{5656B79B-4A62-438A-A32A-AFA0E7DBF497}"
EndProject
Project("{9A19103F-16F7-4668-BE54-9A1E7A4F7556}") = "OilGas", "OilGas\OilGas\OilGas.csproj", "{C39476E8-8CB6-46DD-96AC-E2B568C90CD3}"
EndProject
Project("{9A19103F-16F7-4668-BE54-9A1E7A4F7556}") = "KakUgodno", "Dja\KakUgodno\KakUgodno.csproj", "{0C8010E5-7555-46E6-B752-634A7D6E7A21}"
EndProject
Global
	GlobalSection(SolutionConfigurationPlatforms) = preSolution
		Debug|Any CPU = Debug|Any CPU
		Debug|iPhone = Debug|iPhone
		Debug|iPhoneSimulator = Debug|iPhoneSimulator
		Release|Any CPU = Release|Any CPU
		Release|iPhone = Release|iPhone
		Release|iPhoneSimulator = Release|iPhoneSimulator
	EndGlobalSection
	GlobalSection(ProjectConfigurationPlatforms) = postSolution
		{EBD136BE-9289-42A5-B4DB-BFD330E02C96}.Debug|Any CPU.ActiveCfg = Debug|Any CPU
		{EBD136BE-9289-42A5-B4DB-BFD330E02C96}.Debug|Any CPU.Build.0 = Debug|Any CPU
		{EBD136BE-9289-42A5-B4DB-BFD330E02C96}.Debug|Any CPU.Deploy.0 = Debug|Any CPU
		{EBD136BE-9289-42A5-B4DB-BFD330E02C96}.Debug|iPhone.ActiveCfg = Debug|Any CPU
		{EBD136BE-9289-42A5-B4DB-BFD330E02C96}.Debug|iPhone.Build.0 = Debug|Any CPU
		{EBD136BE-9289-42A5-B4DB-BFD330E02C96}.Debug|iPhone.Deploy.0 = Debug|Any CPU
		{EBD136BE-9289-42A5-B4DB-BFD330E02C96}.Debug|iPhoneSimulator.ActiveCfg = Debug|Any CPU
		{EBD136BE-9289-42A5-B4DB-BFD330E02C96}.Debug|iPhoneSimulator.Build.0 = Debug|Any CPU
		{EBD136BE-9289-42A5-B4DB-BFD330E02C96}.Debug|iPhoneSimulator.Deploy.0 = Debug|Any CPU
		{EBD136BE-9289-42A5-B4DB-BFD330E02C96}.Release|Any CPU.ActiveCfg = Release|Any CPU
		{EBD136BE-9289-42A5-B4DB-BFD330E02C96}.Release|Any CPU.Build.0 = Release|Any CPU
		{EBD136BE-9289-42A5-B4DB-BFD330E02C96}.Release|Any CPU.Deploy.0 = Release|Any CPU
		{EBD136BE-9289-42A5-B4DB-BFD330E02C96}.Release|iPhone.ActiveCfg = Release|Any CPU
		{EBD136BE-9289-42A5-B4DB-BFD330E02C96}.Release|iPhone.Build.0 = Release|Any CPU
		{EBD136BE-9289-42A5-B4DB-BFD330E02C96}.Release|iPhone.Deploy.0 = Release|Any CPU
		{EBD136BE-9289-42A5-B4DB-BFD330E02C96}.Release|iPhoneSimulator.ActiveCfg = Release|Any CPU
		{EBD136BE-9289-42A5-B4DB-BFD330E02C96}.Release|iPhoneSimulator.Build.0 = Release|Any CPU
		{EBD136BE-9289-42A5-B4DB-BFD330E02C96}.Release|iPhoneSimulator.Deploy.0 = Release|Any CPU
		{5656B79B-4A62-438A-A32A-AFA0E7DBF497}.Debug|Any CPU.ActiveCfg = Debug|iPhone
		{5656B79B-4A62-438A-A32A-AFA0E7DBF497}.Debug|Any CPU.Build.0 = Debug|iPhone
		{5656B79B-4A62-438A-A32A-AFA0E7DBF497}.Debug|Any CPU.Deploy.0 = Debug|iPhone
		{5656B79B-4A62-438A-A32A-AFA0E7DBF497}.Debug|iPhone.ActiveCfg = Debug|iPhone
		{5656B79B-4A62-438A-A32A-AFA0E7DBF497}.Debug|iPhone.Build.0 = Debug|iPhone
		{5656B79B-4A62-438A-A32A-AFA0E7DBF497}.Debug|iPhone.Deploy.0 = Debug|iPhone
		{5656B79B-4A62-438A-A32A-AFA0E7DBF497}.Debug|iPhoneSimulator.ActiveCfg = Debug|iPhoneSimulator
		{5656B79B-4A62-438A-A32A-AFA0E7DBF497}.Debug|iPhoneSimulator.Build.0 = Debug|iPhoneSimulator
		{5656B79B-4A62-438A-A32A-AFA0E7DBF497}.Debug|iPhoneSimulator.Deploy.0 = Debug|iPhoneSimulator
		{5656B79B-4A62-438A-A32A-AFA0E7DBF497}.Release|Any CPU.ActiveCfg = Release|iPhoneSimulator
		{5656B79B-4A62-438A-A32A-AFA0E7DBF497}.Release|Any CPU.Build.0 = Release|iPhoneSimulator
		{5656B79B-4A62-438A-A32A-AFA0E7DBF497}.Release|Any CPU.Deploy.0 = Release|iPhoneSimulator
		{5656B79B-4A62-438A-A32A-AFA0E7DBF497}.Release|iPhone.ActiveCfg = Release|iPhone
		{5656B79B-4A62-438A-A32A-AFA0E7DBF497}.Release|iPhone.Build.0 = Release|iPhone
		{5656B79B-4A62-438A-A32A-AFA0E7DBF497}.Release|iPhone.Deploy.0 = Release|iPhone
		{5656B79B-4A62-438A-A32A-AFA0E7DBF497}.Release|iPhoneSimulator.ActiveCfg = Release|iPhoneSimulator
		{5656B79B-4A62-438A-A32A-AFA0E7DBF497}.Release|iPhoneSimulator.Build.0 = Release|iPhoneSimulator
		{5656B79B-4A62-438A-A32A-AFA0E7DBF497}.Release|iPhoneSimulator.Deploy.0 = Release|iPhoneSimulator
		{C39476E8-8CB6-46DD-96AC-E2B568C90CD3}.Debug|Any CPU.ActiveCfg = Debug|Any CPU
		{C39476E8-8CB6-46DD-96AC-E2B568C90CD3}.Debug|Any CPU.Build.0 = Debug|Any CPU
		{C39476E8-8CB6-46DD-96AC-E2B568C90CD3}.Debug|Any CPU.Deploy.0 = Debug|Any CPU
		{C39476E8-8CB6-46DD-96AC-E2B568C90CD3}.Debug|iPhone.ActiveCfg = Debug|Any CPU
		{C39476E8-8CB6-46DD-96AC-E2B568C90CD3}.Debug|iPhone.Build.0 = Debug|Any CPU
		{C39476E8-8CB6-46DD-96AC-E2B568C90CD3}.Debug|iPhone.Deploy.0 = Debug|Any CPU
		{C39476E8-8CB6-46DD-96AC-E2B568C90CD3}.Debug|iPhoneSimulator.ActiveCfg = Debug|Any CPU
		{C39476E8-8CB6-46DD-96AC-E2B568C90CD3}.Debug|iPhoneSimulator.Build.0 = Debug|Any CPU
		{C39476E8-8CB6-46DD-96AC-E2B568C90CD3}.Debug|iPhoneSimulator.Deploy.0 = Debug|Any CPU
		{C39476E8-8CB6-46DD-96AC-E2B568C90CD3}.Release|Any CPU.ActiveCfg = Release|Any CPU
		{C39476E8-8CB6-46DD-96AC-E2B568C90CD3}.Release|Any CPU.Build.0 = Release|Any CPU
		{C39476E8-8CB6-46DD-96AC-E2B568C90CD3}.Release|Any CPU.Deploy.0 = Release|Any CPU
		{C39476E8-8CB6-46DD-96AC-E2B568C90CD3}.Release|iPhone.ActiveCfg = Release|Any CPU
		{C39476E8-8CB6-46DD-96AC-E2B568C90CD3}.Release|iPhone.Build.0 = Release|Any CPU
		{C39476E8-8CB6-46DD-96AC-E2B568C90CD3}.Release|iPhone.Deploy.0 = Release|Any CPU
		{C39476E8-8CB6-46DD-96AC-E2B568C90CD3}.Release|iPhoneSimulator.ActiveCfg = Release|Any CPU
		{C39476E8-8CB6-46DD-96AC-E2B568C90CD3}.Release|iPhoneSimulator.Build.0 = Release|Any CPU
		{C39476E8-8CB6-46DD-96AC-E2B568C90CD3}.Release|iPhoneSimulator.Deploy.0 = Release|Any CPU
		{0C8010E5-7555-46E6-B752-634A7D6E7A21}.Debug|Any CPU.ActiveCfg = Debug|Any CPU
		{0C8010E5-7555-46E6-B752-634A7D6E7A21}.Debug|Any CPU.Build.0 = Debug|Any CPU
		{0C8010E5-7555-46E6-B752-634A7D6E7A21}.Debug|iPhone.ActiveCfg = Debug|Any CPU
		{0C8010E5-7555-46E6-B752-634A7D6E7A21}.Debug|iPhone.Build.0 = Debug|Any CPU
		{0C8010E5-7555-46E6-B752-634A7D6E7A21}.Debug|iPhoneSimulator.ActiveCfg = Debug|Any CPU
		{0C8010E5-7555-46E6-B752-634A7D6E7A21}.Debug|iPhoneSimulator.Build.0 = Debug|Any CPU
		{0C8010E5-7555-46E6-B752-634A7D6E7A21}.Release|Any CPU.ActiveCfg = Release|Any CPU
		{0C8010E5-7555-46E6-B752-634A7D6E7A21}.Release|Any CPU.Build.0 = Release|Any CPU
		{0C8010E5-7555-46E6-B752-634A7D6E7A21}.Release|iPhone.ActiveCfg = Release|Any CPU
		{0C8010E5-7555-46E6-B752-634A7D6E7A21}.Release|iPhone.Build.0 = Release|Any CPU
		{0C8010E5-7555-46E6-B752-634A7D6E7A21}.Release|iPhoneSimulator.ActiveCfg = Release|Any CPU
		{0C8010E5-7555-46E6-B752-634A7D6E7A21}.Release|iPhoneSimulator.Build.0 = Release|Any CPU
	EndGlobalSection
	GlobalSection(SolutionProperties) = preSolution
		HideSolutionNode = FALSE
	EndGlobalSection
	GlobalSection(ExtensibilityGlobals) = postSolution
		SolutionGuid = {55977AEF-31E5-4AFF-A751-677CFC3345C1}
	EndGlobalSection
EndGlobal
